
Microsoft Visual Studio Solution File, Format Version 12.00
# Visual Studio Version 16
VisualStudioVersion = 16.0.808.4
MinimumVisualStudioVersion = 10.0.40219.1
Project("{FAE04EC0-301F-11D3-BF4B-00C04F79EFBC}") = "financial-planner-api", "financial-planner-api\financial-planner-api.csproj", "{3CC94078-23DD-48D4-BB41-37FF6AD28D85}"
EndProject
Project("{FAE04EC0-301F-11D3-BF4B-00C04F79EFBC}") = "financial-planner-services", "financial-planner-services\financial-planner-services.csproj", "{5001F176-548E-4E03-A85C-8EFB7F552034}"
EndProject
Project("{FAE04EC0-301F-11D3-BF4B-00C04F79EFBC}") = "financial-planner-data", "financial-planner-data\financial-planner-data.csproj", "{C3A21A6A-1ED8-420D-963F-3F44C9DE5F3D}"
EndProject
Global
	GlobalSection(SolutionConfigurationPlatforms) = preSolution
		Debug|Any CPU = Debug|Any CPU
		Release|Any CPU = Release|Any CPU
	EndGlobalSection
	GlobalSection(ProjectConfigurationPlatforms) = postSolution
		{3CC94078-23DD-48D4-BB41-37FF6AD28D85}.Debug|Any CPU.ActiveCfg = Debug|Any CPU
		{3CC94078-23DD-48D4-BB41-37FF6AD28D85}.Debug|Any CPU.Build.0 = Debug|Any CPU
		{3CC94078-23DD-48D4-BB41-37FF6AD28D85}.Release|Any CPU.ActiveCfg = Release|Any CPU
		{3CC94078-23DD-48D4-BB41-37FF6AD28D85}.Release|Any CPU.Build.0 = Release|Any CPU
		{5001F176-548E-4E03-A85C-8EFB7F552034}.Debug|Any CPU.ActiveCfg = Debug|Any CPU
		{5001F176-548E-4E03-A85C-8EFB7F552034}.Debug|Any CPU.Build.0 = Debug|Any CPU
		{5001F176-548E-4E03-A85C-8EFB7F552034}.Release|Any CPU.ActiveCfg = Release|Any CPU
		{5001F176-548E-4E03-A85C-8EFB7F552034}.Release|Any CPU.Build.0 = Release|Any CPU
		{C3A21A6A-1ED8-420D-963F-3F44C9DE5F3D}.Debug|Any CPU.ActiveCfg = Debug|Any CPU
		{C3A21A6A-1ED8-420D-963F-3F44C9DE5F3D}.Debug|Any CPU.Build.0 = Debug|Any CPU
		{C3A21A6A-1ED8-420D-963F-3F44C9DE5F3D}.Release|Any CPU.ActiveCfg = Release|Any CPU
		{C3A21A6A-1ED8-420D-963F-3F44C9DE5F3D}.Release|Any CPU.Build.0 = Release|Any CPU
	EndGlobalSection
	GlobalSection(SolutionProperties) = preSolution
		HideSolutionNode = FALSE
	EndGlobalSection
	GlobalSection(ExtensibilityGlobals) = postSolution
		SolutionGuid = {0D38C119-AFC3-49A3-B038-05D93EFA5F3A}
	EndGlobalSection
EndGlobal
